
Microsoft Visual Studio Solution File, Format Version 12.00
# Visual Studio Version 16
VisualStudioVersion = 16.0.31624.102
MinimumVisualStudioVersion = 10.0.40219.1
Project("{FAE04EC0-301F-11D3-BF4B-00C04F79EFBC}") = "Taller.Common", "Taller.Common\Taller.Common.csproj", "{57672D23-BEEB-415E-ADFC-A55BD619C7B1}"
EndProject
Project("{FAE04EC0-301F-11D3-BF4B-00C04F79EFBC}") = "Taller.Functions", "Taller.Functions\Taller.Functions.csproj", "{6F186FA0-268B-4002-89AF-3E1B1E5E1C0F}"
EndProject
Project("{FAE04EC0-301F-11D3-BF4B-00C04F79EFBC}") = "Taller.Test", "Taller.Test\Taller.Test.csproj", "{CE7B16CF-3923-43FC-9A7F-5FF08BE28C14}"
EndProject
Global
	GlobalSection(SolutionConfigurationPlatforms) = preSolution
		Debug|Any CPU = Debug|Any CPU
		Release|Any CPU = Release|Any CPU
	EndGlobalSection
	GlobalSection(ProjectConfigurationPlatforms) = postSolution
		{57672D23-BEEB-415E-ADFC-A55BD619C7B1}.Debug|Any CPU.ActiveCfg = Debug|Any CPU
		{57672D23-BEEB-415E-ADFC-A55BD619C7B1}.Debug|Any CPU.Build.0 = Debug|Any CPU
		{57672D23-BEEB-415E-ADFC-A55BD619C7B1}.Release|Any CPU.ActiveCfg = Release|Any CPU
		{57672D23-BEEB-415E-ADFC-A55BD619C7B1}.Release|Any CPU.Build.0 = Release|Any CPU
		{6F186FA0-268B-4002-89AF-3E1B1E5E1C0F}.Debug|Any CPU.ActiveCfg = Debug|Any CPU
		{6F186FA0-268B-4002-89AF-3E1B1E5E1C0F}.Debug|Any CPU.Build.0 = Debug|Any CPU
		{6F186FA0-268B-4002-89AF-3E1B1E5E1C0F}.Release|Any CPU.ActiveCfg = Release|Any CPU
		{6F186FA0-268B-4002-89AF-3E1B1E5E1C0F}.Release|Any CPU.Build.0 = Release|Any CPU
		{CE7B16CF-3923-43FC-9A7F-5FF08BE28C14}.Debug|Any CPU.ActiveCfg = Debug|Any CPU
		{CE7B16CF-3923-43FC-9A7F-5FF08BE28C14}.Debug|Any CPU.Build.0 = Debug|Any CPU
		{CE7B16CF-3923-43FC-9A7F-5FF08BE28C14}.Release|Any CPU.ActiveCfg = Release|Any CPU
		{CE7B16CF-3923-43FC-9A7F-5FF08BE28C14}.Release|Any CPU.Build.0 = Release|Any CPU
	EndGlobalSection
	GlobalSection(SolutionProperties) = preSolution
		HideSolutionNode = FALSE
	EndGlobalSection
	GlobalSection(ExtensibilityGlobals) = postSolution
		SolutionGuid = {2A074411-12E1-4C10-9C0F-D6855831542A}
	EndGlobalSection
EndGlobal
